
Microsoft Visual Studio Solution File, Format Version 12.00
# Visual Studio Version 16
VisualStudioVersion = 16.0.29306.81
MinimumVisualStudioVersion = 10.0.40219.1
Project("{8BC9CEB8-8B4A-11D0-8D11-00A0C91BC942}") = "tessViewer", "tessViewer\tessViewer.vcxproj", "{D6DD57A8-07CC-471B-BADA-87BE96CFE7FF}"
EndProject
Project("{54435603-DBB4-11D2-8724-00A0C9A8B90C}") = "setup", "setup\setup.vdproj", "{06BCEAB6-F696-4BC4-B904-77D10EA0AAE5}"
EndProject
Global
	GlobalSection(SolutionConfigurationPlatforms) = preSolution
		Debug|x64 = Debug|x64
		Release|x64 = Release|x64
	EndGlobalSection
	GlobalSection(ProjectConfigurationPlatforms) = postSolution
		{D6DD57A8-07CC-471B-BADA-87BE96CFE7FF}.Debug|x64.ActiveCfg = Debug|x64
		{D6DD57A8-07CC-471B-BADA-87BE96CFE7FF}.Debug|x64.Build.0 = Debug|x64
		{D6DD57A8-07CC-471B-BADA-87BE96CFE7FF}.Release|x64.ActiveCfg = Release|x64
		{D6DD57A8-07CC-471B-BADA-87BE96CFE7FF}.Release|x64.Build.0 = Release|x64
		{06BCEAB6-F696-4BC4-B904-77D10EA0AAE5}.Debug|x64.ActiveCfg = Debug
		{06BCEAB6-F696-4BC4-B904-77D10EA0AAE5}.Debug|x64.Build.0 = Debug
		{06BCEAB6-F696-4BC4-B904-77D10EA0AAE5}.Release|x64.ActiveCfg = Release
		{06BCEAB6-F696-4BC4-B904-77D10EA0AAE5}.Release|x64.Build.0 = Release
	EndGlobalSection
	GlobalSection(SolutionProperties) = preSolution
		HideSolutionNode = FALSE
	EndGlobalSection
	GlobalSection(ExtensibilityGlobals) = postSolution
		SolutionGuid = {869EAE62-43CB-44F3-B4C4-62025E446353}
	EndGlobalSection
EndGlobal
